# THIS IS AN AUTOGENERATED FILE. DO NOT EDIT THIS FILE DIRECTLY.
# yarn lockfile v1


MD5@^1.2.1:
  version "1.3.0"
  resolved "https://registry.yarnpkg.com/MD5/-/MD5-1.3.0.tgz#3cc266f0e89abb6b43a50f39a459df5bfde0b240"
  dependencies:
    charenc ">= 0.0.1"
    crypt ">= 0.0.1"

accepts@^1.2.2:
  version "1.3.4"
  resolved "https://registry.yarnpkg.com/accepts/-/accepts-1.3.4.tgz#86246758c7dd6d21a6474ff084a4740ec05eb21f"
  dependencies:
    mime-types "~2.1.16"
    negotiator "0.6.1"

address@>=0.0.1:
  version "1.0.3"
  resolved "https://registry.yarnpkg.com/address/-/address-1.0.3.tgz#b5f50631f8d6cec8bd20c963963afb55e06cbce9"

agent-base@4, agent-base@^4.1.0, agent-base@^4.2.0:
  version "4.2.0"
  resolved "https://registry.yarnpkg.com/agent-base/-/agent-base-4.2.0.tgz#9838b5c3392b962bad031e6a4c5e1024abec45ce"
  dependencies:
    es6-promisify "^5.0.0"

ajv@^5.1.0:
  version "5.5.2"
  resolved "https://registry.yarnpkg.com/ajv/-/ajv-5.5.2.tgz#73b5eeca3fab653e3d3f9422b341ad42205dc965"
  dependencies:
    co "^4.6.0"
    fast-deep-equal "^1.0.0"
    fast-json-stable-stringify "^2.0.0"
    json-schema-traverse "^0.3.0"

amp-message@~0.1.1:
  version "0.1.2"
  resolved "https://registry.yarnpkg.com/amp-message/-/amp-message-0.1.2.tgz#a78f1c98995087ad36192a41298e4db49e3dfc45"
  dependencies:
    amp "0.3.1"

amp@0.3.1, amp@~0.3.1:
  version "0.3.1"
  resolved "https://registry.yarnpkg.com/amp/-/amp-0.3.1.tgz#6adf8d58a74f361e82c1fa8d389c079e139fc47d"

any-promise@^1.0.0, any-promise@^1.1.0, any-promise@^1.3.0:
  version "1.3.0"
  resolved "https://registry.yarnpkg.com/any-promise/-/any-promise-1.3.0.tgz#abc6afeedcea52e809cdc0376aed3ce39635d17f"

asn1@~0.2.3:
  version "0.2.3"
  resolved "https://registry.yarnpkg.com/asn1/-/asn1-0.2.3.tgz#dac8787713c9966849fc8180777ebe9c1ddf3b86"

assert-plus@1.0.0, assert-plus@^1.0.0:
  version "1.0.0"
  resolved "https://registry.yarnpkg.com/assert-plus/-/assert-plus-1.0.0.tgz#f12e0f3c5d77b0b1cdd9146942e4e96c1e4dd525"

ast-types@0.x.x:
  version "0.11.3"
  resolved "https://registry.yarnpkg.com/ast-types/-/ast-types-0.11.3.tgz#c20757fe72ee71278ea0ff3d87e5c2ca30d9edf8"

async@2.1.4:
  version "2.1.4"
  resolved "https://registry.yarnpkg.com/async/-/async-2.1.4.tgz#2d2160c7788032e4dd6cbe2502f1f9a2c8f6cde4"
  dependencies:
    lodash "^4.14.0"

asynckit@^0.4.0:
  version "0.4.0"
  resolved "https://registry.yarnpkg.com/asynckit/-/asynckit-0.4.0.tgz#c79ed97f7f34cb8f2ba1bc9790bcc366474b4b79"

aws-sign2@~0.7.0:
  version "0.7.0"
  resolved "https://registry.yarnpkg.com/aws-sign2/-/aws-sign2-0.7.0.tgz#b46e890934a9591f2d2f6f86d7e6a9f1b3fe76a8"

aws4@^1.6.0:
  version "1.7.0"
  resolved "https://registry.yarnpkg.com/aws4/-/aws4-1.7.0.tgz#d4d0e9b9dbfca77bf08eeb0a8a471550fe39e289"

"axon-rpc@github:orangemi/axon-rpc":
  version "0.0.3"
  resolved "https://codeload.github.com/orangemi/axon-rpc/tar.gz/970b19544aed7838d86fa7798a0925582cac4e6d"
  dependencies:
    commander "1.0.5"
    debug "*"

axon-tls@^2.2.1:
  version "2.2.1"
  resolved "https://registry.yarnpkg.com/axon-tls/-/axon-tls-2.2.1.tgz#76ffdfb27c7fff376333a750c687b533854a8b36"
  dependencies:
    amp "~0.3.1"
    amp-message "~0.1.1"
    configurable "0.0.1"
    debug "*"
    escape-regexp "0.0.1"

bcrypt-pbkdf@^1.0.0:
  version "1.0.1"
  resolved "https://registry.yarnpkg.com/bcrypt-pbkdf/-/bcrypt-pbkdf-1.0.1.tgz#63bc5dcb61331b92bc05fd528953c33462a06f8d"
  dependencies:
    tweetnacl "^0.14.3"

bluebird@3.5.0:
  version "3.5.0"
  resolved "https://registry.yarnpkg.com/bluebird/-/bluebird-3.5.0.tgz#791420d7f551eea2897453a8a77653f96606d67c"

bluebird@^3.3.4:
  version "3.5.1"
  resolved "https://registry.yarnpkg.com/bluebird/-/bluebird-3.5.1.tgz#d9551f9de98f1fcda1e683d17ee91a0602ee2eb9"

boom@4.x.x:
  version "4.3.1"
  resolved "https://registry.yarnpkg.com/boom/-/boom-4.3.1.tgz#4f8a3005cb4a7e3889f749030fd25b96e01d2e31"
  dependencies:
    hoek "4.x.x"

boom@5.x.x:
  version "5.2.0"
  resolved "https://registry.yarnpkg.com/boom/-/boom-5.2.0.tgz#5dd9da6ee3a5f302077436290cb717d3f4a54e02"
  dependencies:
    hoek "4.x.x"

bson@~1.0.4:
  version "1.0.6"
  resolved "https://registry.yarnpkg.com/bson/-/bson-1.0.6.tgz#444db59ddd4c24f0cb063aabdc5c8c7b0ceca912"

bytes@3.0.0:
  version "3.0.0"
  resolved "https://registry.yarnpkg.com/bytes/-/bytes-3.0.0.tgz#d32815404d689699f85a4ea4fa8755dd13a96048"

caseless@~0.12.0:
  version "0.12.0"
  resolved "https://registry.yarnpkg.com/caseless/-/caseless-0.12.0.tgz#1b681c21ff84033c826543090689420d187151dc"

"charenc@>= 0.0.1":
  version "0.0.2"
  resolved "https://registry.yarnpkg.com/charenc/-/charenc-0.0.2.tgz#c0a1d2f3a7092e03774bfa83f14c0fc5790a8667"

cluster-key-slot@^1.0.6:
  version "1.0.9"
  resolved "https://registry.yarnpkg.com/cluster-key-slot/-/cluster-key-slot-1.0.9.tgz#a538b001da90157efe6f758ae9ddde2ecd9a3077"

co-body@^5.1.0:
  version "5.2.0"
  resolved "https://registry.yarnpkg.com/co-body/-/co-body-5.2.0.tgz#5a0a658c46029131e0e3a306f67647302f71c124"
  dependencies:
    inflation "^2.0.0"
    qs "^6.4.0"
    raw-body "^2.2.0"
    type-is "^1.6.14"

co@^4.6.0:
  version "4.6.0"
  resolved "https://registry.yarnpkg.com/co/-/co-4.6.0.tgz#6ea6bdf3d853ae54ccb8e47bfa0bf3f9031fb184"

combined-stream@1.0.6, combined-stream@~1.0.5:
  version "1.0.6"
  resolved "https://registry.yarnpkg.com/combined-stream/-/combined-stream-1.0.6.tgz#723e7df6e801ac5613113a7e445a9b69cb632818"
  dependencies:
    delayed-stream "~1.0.0"

commander@1.0.5:
  version "1.0.5"
  resolved "https://registry.yarnpkg.com/commander/-/commander-1.0.5.tgz#457295bb976e388e9dd0db52de4333e249f3d88c"
  dependencies:
    keypress "0.1.x"

config@^1.28.1:
  version "1.28.1"
  resolved "https://registry.yarnpkg.com/config/-/config-1.28.1.tgz#7625d2a1e4c90f131d8a73347982d93c3873282d"
  dependencies:
    json5 "0.4.0"
    os-homedir "1.0.2"

configurable@0.0.1:
  version "0.0.1"
  resolved "https://registry.yarnpkg.com/configurable/-/configurable-0.0.1.tgz#47d75b727b51b4eb84c1dadafe3f8240313833b1"

content-disposition@~0.5.0:
  version "0.5.2"
  resolved "https://registry.yarnpkg.com/content-disposition/-/content-disposition-0.5.2.tgz#0cf68bb9ddf5f2be7961c3a85178cb85dba78cb4"

content-type@^1.0.0, content-type@^1.0.2:
  version "1.0.4"
  resolved "https://registry.yarnpkg.com/content-type/-/content-type-1.0.4.tgz#e138cc75e040c727b1966fe5e5f8c9aee256fe3b"

cookies@~0.7.0:
  version "0.7.1"
  resolved "https://registry.yarnpkg.com/cookies/-/cookies-0.7.1.tgz#7c8a615f5481c61ab9f16c833731bcb8f663b99b"
  dependencies:
    depd "~1.1.1"
    keygrip "~1.0.2"

copy-to@^2.0.1, copy-to@~2.0.1:
  version "2.0.1"
  resolved "https://registry.yarnpkg.com/copy-to/-/copy-to-2.0.1.tgz#2680fbb8068a48d08656b6098092bdafc906f4a5"

core-util-is@1.0.2, core-util-is@~1.0.0:
  version "1.0.2"
  resolved "https://registry.yarnpkg.com/core-util-is/-/core-util-is-1.0.2.tgz#b5fd54220aa2bc5ab57aab7140c940754503c1a7"

"crypt@>= 0.0.1":
  version "0.0.2"
  resolved "https://registry.yarnpkg.com/crypt/-/crypt-0.0.2.tgz#88d7ff7ec0dfb86f713dc87bbb42d044d3e6c41b"

cryptiles@3.x.x:
  version "3.1.2"
  resolved "https://registry.yarnpkg.com/cryptiles/-/cryptiles-3.1.2.tgz#a89fbb220f5ce25ec56e8c4aa8a4fd7b5b0d29fe"
  dependencies:
    boom "5.x.x"

dashdash@^1.12.0:
  version "1.14.1"
  resolved "https://registry.yarnpkg.com/dashdash/-/dashdash-1.14.1.tgz#853cfa0f7cbe2fed5de20326b8dd581035f6e2f0"
  dependencies:
    assert-plus "^1.0.0"

data-uri-to-buffer@1:
  version "1.2.0"
  resolved "https://registry.yarnpkg.com/data-uri-to-buffer/-/data-uri-to-buffer-1.2.0.tgz#77163ea9c20d8641b4707e8f18abdf9a78f34835"

debug@*, debug@3.1.0, debug@^3.1.0:
  version "3.1.0"
  resolved "https://registry.yarnpkg.com/debug/-/debug-3.1.0.tgz#5bb5a0672628b64149566ba16819e61518c67261"
  dependencies:
    ms "2.0.0"

debug@2, debug@2.6.9, debug@^2.2.0, debug@^2.6.0, debug@^2.6.1, debug@^2.6.9:
  version "2.6.9"
  resolved "https://registry.yarnpkg.com/debug/-/debug-2.6.9.tgz#5d128515df134ff327e90a4c93f4e077a536341f"
  dependencies:
    ms "2.0.0"

deep-equal@~1.0.1:
  version "1.0.1"
  resolved "https://registry.yarnpkg.com/deep-equal/-/deep-equal-1.0.1.tgz#f5d260292b660e084eff4cdbc9f08ad3247448b5"

deep-is@~0.1.3:
  version "0.1.3"
  resolved "https://registry.yarnpkg.com/deep-is/-/deep-is-0.1.3.tgz#b369d6fb5dbc13eecf524f91b070feedc357cf34"

default-user-agent@^1.0.0:
  version "1.0.0"
  resolved "https://registry.yarnpkg.com/default-user-agent/-/default-user-agent-1.0.0.tgz#16c46efdcaba3edc45f24f2bd4868b01b7c2adc6"
  dependencies:
    os-name "~1.0.3"

degenerator@^1.0.4:
  version "1.0.4"
  resolved "https://registry.yarnpkg.com/degenerator/-/degenerator-1.0.4.tgz#fcf490a37ece266464d9cc431ab98c5819ced095"
  dependencies:
    ast-types "0.x.x"
    escodegen "1.x.x"
    esprima "3.x.x"

delayed-stream@~1.0.0:
  version "1.0.0"
  resolved "https://registry.yarnpkg.com/delayed-stream/-/delayed-stream-1.0.0.tgz#df3ae199acadfb7d440aaae0b29e2272b24ec619"

delegates@^1.0.0:
  version "1.0.0"
  resolved "https://registry.yarnpkg.com/delegates/-/delegates-1.0.0.tgz#84c6e159b81904fdca59a0ef44cd870d31250f9a"

denque@^1.1.0:
  version "1.2.3"
  resolved "https://registry.yarnpkg.com/denque/-/denque-1.2.3.tgz#98c50c8dd8cdfae318cc5859cc8ee3da0f9b0cc2"

depd@1.1.1, depd@^1.1.0, depd@~1.1.1:
  version "1.1.1"
  resolved "https://registry.yarnpkg.com/depd/-/depd-1.1.1.tgz#5783b4e1c459f06fa5ca27f991f3d06e7a310359"

destroy@^1.0.3:
  version "1.0.4"
  resolved "https://registry.yarnpkg.com/destroy/-/destroy-1.0.4.tgz#978857442c44749e4206613e37946205826abd80"

digest-header@^0.0.1:
  version "0.0.1"
  resolved "https://registry.yarnpkg.com/digest-header/-/digest-header-0.0.1.tgz#11ccf6deec5766ac379744d901c12cba49514be6"
  dependencies:
    utility "0.1.11"

ecc-jsbn@~0.1.1:
  version "0.1.1"
  resolved "https://registry.yarnpkg.com/ecc-jsbn/-/ecc-jsbn-0.1.1.tgz#0fc73a9ed5f0d53c38193398523ef7e543777505"
  dependencies:
    jsbn "~0.1.0"

ee-first@1.1.1, ee-first@~1.1.1:
  version "1.1.1"
  resolved "https://registry.yarnpkg.com/ee-first/-/ee-first-1.1.1.tgz#590c61156b0ae2f4f0255732a158b266bc56b21d"

ejs@^2.5.7:
  version "2.5.9"
  resolved "https://registry.yarnpkg.com/ejs/-/ejs-2.5.9.tgz#7ba254582a560d267437109a68354112475b0ce5"

error-inject@~1.0.0:
  version "1.0.0"
  resolved "https://registry.yarnpkg.com/error-inject/-/error-inject-1.0.0.tgz#e2b3d91b54aed672f309d950d154850fa11d4f37"

es6-promise@^4.0.3:
  version "4.2.4"
  resolved "https://registry.yarnpkg.com/es6-promise/-/es6-promise-4.2.4.tgz#dc4221c2b16518760bd8c39a52d8f356fc00ed29"

es6-promisify@^5.0.0:
  version "5.0.0"
  resolved "https://registry.yarnpkg.com/es6-promisify/-/es6-promisify-5.0.0.tgz#5109d62f3e56ea967c4b63505aef08291c8a5203"
  dependencies:
    es6-promise "^4.0.3"

escape-html@~1.0.1, escape-html@~1.0.3:
  version "1.0.3"
  resolved "https://registry.yarnpkg.com/escape-html/-/escape-html-1.0.3.tgz#0258eae4d3d0c0974de1c169188ef0051d1d1988"

escape-regexp@0.0.1:
  version "0.0.1"
  resolved "https://registry.yarnpkg.com/escape-regexp/-/escape-regexp-0.0.1.tgz#f44bda12d45bbdf9cb7f862ee7e4827b3dd32254"

escodegen@1.x.x:
  version "1.9.1"
  resolved "https://registry.yarnpkg.com/escodegen/-/escodegen-1.9.1.tgz#dbae17ef96c8e4bedb1356f4504fa4cc2f7cb7e2"
  dependencies:
    esprima "^3.1.3"
    estraverse "^4.2.0"
    esutils "^2.0.2"
    optionator "^0.8.1"
  optionalDependencies:
    source-map "~0.6.1"

esprima@3.x.x, esprima@^3.1.3:
  version "3.1.3"
  resolved "https://registry.yarnpkg.com/esprima/-/esprima-3.1.3.tgz#fdca51cee6133895e3c88d535ce49dbff62a4633"

estraverse@^4.2.0:
  version "4.2.0"
  resolved "https://registry.yarnpkg.com/estraverse/-/estraverse-4.2.0.tgz#0dee3fed31fcd469618ce7342099fc1afa0bdb13"

esutils@^2.0.2:
  version "2.0.2"
  resolved "https://registry.yarnpkg.com/esutils/-/esutils-2.0.2.tgz#0abf4f1caa5bcb1f7a9d8acc6dea4faaa04bac9b"

extend@3, extend@~3.0.1:
  version "3.0.1"
  resolved "https://registry.yarnpkg.com/extend/-/extend-3.0.1.tgz#a755ea7bc1adfcc5a31ce7e762dbaadc5e636444"

extsprintf@1.3.0:
  version "1.3.0"
  resolved "https://registry.yarnpkg.com/extsprintf/-/extsprintf-1.3.0.tgz#96918440e3041a7a414f8c52e3c574eb3c3e1e05"

extsprintf@^1.2.0:
  version "1.4.0"
  resolved "https://registry.yarnpkg.com/extsprintf/-/extsprintf-1.4.0.tgz#e2689f8f356fad62cca65a3a91c5df5f9551692f"

fast-deep-equal@^1.0.0:
  version "1.1.0"
  resolved "https://registry.yarnpkg.com/fast-deep-equal/-/fast-deep-equal-1.1.0.tgz#c053477817c86b51daa853c81e059b733d023614"

fast-json-stable-stringify@^2.0.0:
  version "2.0.0"
  resolved "https://registry.yarnpkg.com/fast-json-stable-stringify/-/fast-json-stable-stringify-2.0.0.tgz#d5142c0caee6b1189f87d3a76111064f86c8bbf2"

fast-levenshtein@~2.0.4:
  version "2.0.6"
  resolved "https://registry.yarnpkg.com/fast-levenshtein/-/fast-levenshtein-2.0.6.tgz#3d8a5c66883a16a30ca8643e851f19baa7797917"

file-uri-to-path@1:
  version "1.0.0"
  resolved "https://registry.yarnpkg.com/file-uri-to-path/-/file-uri-to-path-1.0.0.tgz#553a7b8446ff6f684359c445f1e37a05dacc33dd"

flexbuffer@0.0.6:
  version "0.0.6"
  resolved "https://registry.yarnpkg.com/flexbuffer/-/flexbuffer-0.0.6.tgz#039fdf23f8823e440c38f3277e6fef1174215b30"

forever-agent@~0.6.1:
  version "0.6.1"
  resolved "https://registry.yarnpkg.com/forever-agent/-/forever-agent-0.6.1.tgz#fbc71f0c41adeb37f96c577ad1ed42d8fdacca91"

form-data@~2.3.1:
  version "2.3.2"
  resolved "https://registry.yarnpkg.com/form-data/-/form-data-2.3.2.tgz#4970498be604c20c005d4f5c23aecd21d6b49099"
  dependencies:
    asynckit "^0.4.0"
    combined-stream "1.0.6"
    mime-types "^2.1.12"

fresh@^0.5.2:
  version "0.5.2"
  resolved "https://registry.yarnpkg.com/fresh/-/fresh-0.5.2.tgz#3d8cadd90d976569fa835ab1f8e4b23a105605a7"

ftp@~0.3.10:
  version "0.3.10"
  resolved "https://registry.yarnpkg.com/ftp/-/ftp-0.3.10.tgz#9197d861ad8142f3e63d5a83bfe4c59f7330885d"
  dependencies:
    readable-stream "1.1.x"
    xregexp "2.0.0"

get-uri@^2.0.0:
  version "2.0.1"
  resolved "https://registry.yarnpkg.com/get-uri/-/get-uri-2.0.1.tgz#dbdcacacd8c608a38316869368117697a1631c59"
  dependencies:
    data-uri-to-buffer "1"
    debug "2"
    extend "3"
    file-uri-to-path "1"
    ftp "~0.3.10"
    readable-stream "2"

getpass@^0.1.1:
  version "0.1.7"
  resolved "https://registry.yarnpkg.com/getpass/-/getpass-0.1.7.tgz#5eff8e3e684d569ae4cb2b1282604e8ba62149fa"
  dependencies:
    assert-plus "^1.0.0"

har-schema@^2.0.0:
  version "2.0.0"
  resolved "https://registry.yarnpkg.com/har-schema/-/har-schema-2.0.0.tgz#a94c2224ebcac04782a0d9035521f24735b7ec92"

har-validator@~5.0.3:
  version "5.0.3"
  resolved "https://registry.yarnpkg.com/har-validator/-/har-validator-5.0.3.tgz#ba402c266194f15956ef15e0fcf242993f6a7dfd"
  dependencies:
    ajv "^5.1.0"
    har-schema "^2.0.0"

hawk@~6.0.2:
  version "6.0.2"
  resolved "https://registry.yarnpkg.com/hawk/-/hawk-6.0.2.tgz#af4d914eb065f9b5ce4d9d11c1cb2126eecc3038"
  dependencies:
    boom "4.x.x"
    cryptiles "3.x.x"
    hoek "4.x.x"
    sntp "2.x.x"

hoek@4.x.x:
  version "4.2.1"
  resolved "https://registry.yarnpkg.com/hoek/-/hoek-4.2.1.tgz#9634502aa12c445dd5a7c5734b572bb8738aacbb"

http-assert@^1.1.0:
  version "1.3.0"
  resolved "https://registry.yarnpkg.com/http-assert/-/http-assert-1.3.0.tgz#a31a5cf88c873ecbb5796907d4d6f132e8c01e4a"
  dependencies:
    deep-equal "~1.0.1"
    http-errors "~1.6.1"

http-errors@1.6.2, http-errors@^1.2.8, http-errors@^1.3.1, http-errors@~1.6.1:
  version "1.6.2"
  resolved "https://registry.yarnpkg.com/http-errors/-/http-errors-1.6.2.tgz#0a002cc85707192a7e7946ceedc11155f60ec736"
  dependencies:
    depd "1.1.1"
    inherits "2.0.3"
    setprototypeof "1.0.3"
    statuses ">= 1.3.1 < 2"

http-proxy-agent@^2.1.0:
  version "2.1.0"
  resolved "https://registry.yarnpkg.com/http-proxy-agent/-/http-proxy-agent-2.1.0.tgz#e4821beef5b2142a2026bd73926fe537631c5405"
  dependencies:
    agent-base "4"
    debug "3.1.0"

http-signature@~1.2.0:
  version "1.2.0"
  resolved "https://registry.yarnpkg.com/http-signature/-/http-signature-1.2.0.tgz#9aecd925114772f3d95b65a60abb8f7c18fbace1"
  dependencies:
    assert-plus "^1.0.0"
    jsprim "^1.2.2"
    sshpk "^1.7.0"

https-proxy-agent@^2.2.1:
  version "2.2.1"
  resolved "https://registry.yarnpkg.com/https-proxy-agent/-/https-proxy-agent-2.2.1.tgz#51552970fa04d723e04c56d04178c3f92592bbc0"
  dependencies:
    agent-base "^4.1.0"
    debug "^3.1.0"

humanize-ms@^1.2.0:
  version "1.2.1"
  resolved "https://registry.yarnpkg.com/humanize-ms/-/humanize-ms-1.2.1.tgz#c46e3159a293f6b896da29316d8b6fe8bb79bbed"
  dependencies:
    ms "^2.0.0"

iconv-lite@0.4.19:
  version "0.4.19"
  resolved "https://registry.yarnpkg.com/iconv-lite/-/iconv-lite-0.4.19.tgz#f7468f60135f5e5dad3399c0a81be9a1603a082b"

iconv-lite@^0.4.15:
  version "0.4.23"
  resolved "https://registry.yarnpkg.com/iconv-lite/-/iconv-lite-0.4.23.tgz#297871f63be507adcfbfca715d0cd0eed84e9a63"
  dependencies:
    safer-buffer ">= 2.1.2 < 3"

inflation@^2.0.0:
  version "2.0.0"
  resolved "https://registry.yarnpkg.com/inflation/-/inflation-2.0.0.tgz#8b417e47c28f925a45133d914ca1fd389107f30f"

inherits@2.0.3, inherits@~2.0.1, inherits@~2.0.3:
  version "2.0.3"
  resolved "https://registry.yarnpkg.com/inherits/-/inherits-2.0.3.tgz#633c2c83e3da42a502f52466022480f4208261de"

ioredis@^3.2.2:
  version "3.2.2"
  resolved "https://registry.yarnpkg.com/ioredis/-/ioredis-3.2.2.tgz#b7d5ff3afd77bb9718bb2821329b894b9a44c00b"
  dependencies:
    bluebird "^3.3.4"
    cluster-key-slot "^1.0.6"
    debug "^2.6.9"
    denque "^1.1.0"
    flexbuffer "0.0.6"
    lodash.assign "^4.2.0"
    lodash.bind "^4.2.1"
    lodash.clone "^4.5.0"
    lodash.clonedeep "^4.5.0"
    lodash.defaults "^4.2.0"
    lodash.difference "^4.5.0"
    lodash.flatten "^4.4.0"
    lodash.foreach "^4.5.0"
    lodash.isempty "^4.4.0"
    lodash.keys "^4.2.0"
    lodash.noop "^3.0.1"
    lodash.partial "^4.2.1"
    lodash.pick "^4.4.0"
    lodash.sample "^4.2.1"
    lodash.shuffle "^4.2.0"
    lodash.values "^4.3.0"
    redis-commands "^1.2.0"
    redis-parser "^2.4.0"

ip@^1.1.4, ip@^1.1.5:
  version "1.1.5"
  resolved "https://registry.yarnpkg.com/ip/-/ip-1.1.5.tgz#bdded70114290828c0a039e72ef25f5aaec4354a"

is-generator-function@^1.0.3:
  version "1.0.6"
  resolved "https://registry.yarnpkg.com/is-generator-function/-/is-generator-function-1.0.6.tgz#9e71653cd15fff341c79c4151460a131d31e9fc4"

is-typedarray@~1.0.0:
  version "1.0.0"
  resolved "https://registry.yarnpkg.com/is-typedarray/-/is-typedarray-1.0.0.tgz#e479c80858df0c1b11ddda6940f96011fcda4a9a"

isarray@0.0.1:
  version "0.0.1"
  resolved "https://registry.yarnpkg.com/isarray/-/isarray-0.0.1.tgz#8a18acfca9a8f4177e09abfc6038939b05d1eedf"

isarray@~1.0.0:
  version "1.0.0"
  resolved "https://registry.yarnpkg.com/isarray/-/isarray-1.0.0.tgz#bb935d48582cba168c06834957a54a3e07124f11"

isstream@~0.1.2:
  version "0.1.2"
  resolved "https://registry.yarnpkg.com/isstream/-/isstream-0.1.2.tgz#47e63f7af55afa6f92e1500e690eb8b8529c099a"

jsbn@~0.1.0:
  version "0.1.1"
  resolved "https://registry.yarnpkg.com/jsbn/-/jsbn-0.1.1.tgz#a5e654c2e5a2deb5f201d96cefbca80c0ef2f513"

json-schema-traverse@^0.3.0:
  version "0.3.1"
  resolved "https://registry.yarnpkg.com/json-schema-traverse/-/json-schema-traverse-0.3.1.tgz#349a6d44c53a51de89b40805c5d5e59b417d3340"

json-schema@0.2.3:
  version "0.2.3"
  resolved "https://registry.yarnpkg.com/json-schema/-/json-schema-0.2.3.tgz#b480c892e59a2f05954ce727bd3f2a4e882f9e13"

json-stringify-safe@~5.0.1:
  version "5.0.1"
  resolved "https://registry.yarnpkg.com/json-stringify-safe/-/json-stringify-safe-5.0.1.tgz#1296a2d58fd45f19a0f6ce01d65701e2c735b6eb"

json5@0.4.0:
  version "0.4.0"
  resolved "https://registry.yarnpkg.com/json5/-/json5-0.4.0.tgz#054352e4c4c80c86c0923877d449de176a732c8d"

jsprim@^1.2.2:
  version "1.4.1"
  resolved "https://registry.yarnpkg.com/jsprim/-/jsprim-1.4.1.tgz#313e66bc1e5cc06e438bc1b7499c2e5c56acb6a2"
  dependencies:
    assert-plus "1.0.0"
    extsprintf "1.3.0"
    json-schema "0.2.3"
    verror "1.10.0"

kareem@2.0.7:
  version "2.0.7"
  resolved "https://registry.yarnpkg.com/kareem/-/kareem-2.0.7.tgz#8d260366a4df4236ceccec318fcf10c17c5beb22"

keygrip@~1.0.2:
  version "1.0.2"
  resolved "https://registry.yarnpkg.com/keygrip/-/keygrip-1.0.2.tgz#ad3297c557069dea8bcfe7a4fa491b75c5ddeb91"

keypress@0.1.x:
  version "0.1.0"
  resolved "https://registry.yarnpkg.com/keypress/-/keypress-0.1.0.tgz#4a3188d4291b66b4f65edb99f806aa9ae293592a"

koa-bodyparser@^4.2.0:
  version "4.2.0"
  resolved "https://registry.yarnpkg.com/koa-bodyparser/-/koa-bodyparser-4.2.0.tgz#bce6e08bc65f8709b6d1faa9411c7f0d8938aa54"
  dependencies:
    co-body "^5.1.0"
    copy-to "^2.0.1"

koa-compose@^3.0.0:
  version "3.2.1"
  resolved "https://registry.yarnpkg.com/koa-compose/-/koa-compose-3.2.1.tgz#a85ccb40b7d986d8e5a345b3a1ace8eabcf54de7"
  dependencies:
    any-promise "^1.1.0"

koa-compose@^4.0.0:
  version "4.0.0"
  resolved "https://registry.yarnpkg.com/koa-compose/-/koa-compose-4.0.0.tgz#2800a513d9c361ef0d63852b038e4f6f2d5a773c"

koa-convert@^1.2.0:
  version "1.2.0"
  resolved "https://registry.yarnpkg.com/koa-convert/-/koa-convert-1.2.0.tgz#da40875df49de0539098d1700b50820cebcd21d0"
  dependencies:
    co "^4.6.0"
    koa-compose "^3.0.0"

koa-ejs@^4.1.1:
  version "4.1.1"
  resolved "https://registry.yarnpkg.com/koa-ejs/-/koa-ejs-4.1.1.tgz#5cf021bb17a855e461ea56825ffdc42d3eadb5dd"
  dependencies:
    debug "^2.6.1"
    ejs "^2.5.7"
    mz "^2.6.0"

koa-is-json@^1.0.0:
  version "1.0.0"
  resolved "https://registry.yarnpkg.com/koa-is-json/-/koa-is-json-1.0.0.tgz#273c07edcdcb8df6a2c1ab7d59ee76491451ec14"

koa-router@^7.3.0:
  version "7.3.0"
  resolved "https://registry.yarnpkg.com/koa-router/-/koa-router-7.3.0.tgz#241f0449ac5cd1071831a9a3d80b521fafb6baa1"
  dependencies:
    debug "^3.1.0"
    http-errors "^1.3.1"
    koa-compose "^3.0.0"
    methods "^1.0.1"
    path-to-regexp "^1.1.1"
    urijs "^1.19.0"

koa@^2.4.1:
  version "2.4.1"
  resolved "https://registry.yarnpkg.com/koa/-/koa-2.4.1.tgz#d449cfb970a7e9da571f699eda40bb9e32eb1484"
  dependencies:
    accepts "^1.2.2"
    content-disposition "~0.5.0"
    content-type "^1.0.0"
    cookies "~0.7.0"
    debug "*"
    delegates "^1.0.0"
    depd "^1.1.0"
    destroy "^1.0.3"
    error-inject "~1.0.0"
    escape-html "~1.0.1"
    fresh "^0.5.2"
    http-assert "^1.1.0"
    http-errors "^1.2.8"
    is-generator-function "^1.0.3"
    koa-compose "^4.0.0"
    koa-convert "^1.2.0"
    koa-is-json "^1.0.0"
    mime-types "^2.0.7"
    on-finished "^2.1.0"
    only "0.0.2"
    parseurl "^1.3.0"
    statuses "^1.2.0"
    type-is "^1.5.5"
    vary "^1.0.0"

levn@~0.3.0:
  version "0.3.0"
  resolved "https://registry.yarnpkg.com/levn/-/levn-0.3.0.tgz#3b09924edf9f083c0490fdd4c0bc4421e04764ee"
  dependencies:
    prelude-ls "~1.1.2"
    type-check "~0.3.2"

limbo@^0.5.5:
  version "0.5.5"
  resolved "https://registry.yarnpkg.com/limbo/-/limbo-0.5.5.tgz#67043b6c9f2b87ac1d327ca2706cf96eff7658e3"
  dependencies:
    axon-rpc "github:orangemi/axon-rpc"
    axon-tls "^2.2.1"

lodash.assign@^4.2.0:
  version "4.2.0"
  resolved "https://registry.yarnpkg.com/lodash.assign/-/lodash.assign-4.2.0.tgz#0d99f3ccd7a6d261d19bdaeb9245005d285808e7"

lodash.bind@^4.2.1:
  version "4.2.1"
  resolved "https://registry.yarnpkg.com/lodash.bind/-/lodash.bind-4.2.1.tgz#7ae3017e939622ac31b7d7d7dcb1b34db1690d35"

lodash.clone@^4.5.0:
  version "4.5.0"
  resolved "https://registry.yarnpkg.com/lodash.clone/-/lodash.clone-4.5.0.tgz#195870450f5a13192478df4bc3d23d2dea1907b6"

lodash.clonedeep@^4.5.0:
  version "4.5.0"
  resolved "https://registry.yarnpkg.com/lodash.clonedeep/-/lodash.clonedeep-4.5.0.tgz#e23f3f9c4f8fbdde872529c1071857a086e5ccef"

lodash.defaults@^4.2.0:
  version "4.2.0"
  resolved "https://registry.yarnpkg.com/lodash.defaults/-/lodash.defaults-4.2.0.tgz#d09178716ffea4dde9e5fb7b37f6f0802274580c"

lodash.difference@^4.5.0:
  version "4.5.0"
  resolved "https://registry.yarnpkg.com/lodash.difference/-/lodash.difference-4.5.0.tgz#9ccb4e505d486b91651345772885a2df27fd017c"

lodash.flatten@^4.4.0:
  version "4.4.0"
  resolved "https://registry.yarnpkg.com/lodash.flatten/-/lodash.flatten-4.4.0.tgz#f31c22225a9632d2bbf8e4addbef240aa765a61f"

lodash.foreach@^4.5.0:
  version "4.5.0"
  resolved "https://registry.yarnpkg.com/lodash.foreach/-/lodash.foreach-4.5.0.tgz#1a6a35eace401280c7f06dddec35165ab27e3e53"

lodash.get@4.4.2:
  version "4.4.2"
  resolved "https://registry.yarnpkg.com/lodash.get/-/lodash.get-4.4.2.tgz#2d177f652fa31e939b4438d5341499dfa3825e99"

lodash.isempty@^4.4.0:
  version "4.4.0"
  resolved "https://registry.yarnpkg.com/lodash.isempty/-/lodash.isempty-4.4.0.tgz#6f86cbedd8be4ec987be9aaf33c9684db1b31e7e"

lodash.keys@^4.2.0:
  version "4.2.0"
  resolved "https://registry.yarnpkg.com/lodash.keys/-/lodash.keys-4.2.0.tgz#a08602ac12e4fb83f91fc1fb7a360a4d9ba35205"

lodash.noop@^3.0.1:
  version "3.0.1"
  resolved "https://registry.yarnpkg.com/lodash.noop/-/lodash.noop-3.0.1.tgz#38188f4d650a3a474258439b96ec45b32617133c"

lodash.partial@^4.2.1:
  version "4.2.1"
  resolved "https://registry.yarnpkg.com/lodash.partial/-/lodash.partial-4.2.1.tgz#49f3d8cfdaa3bff8b3a91d127e923245418961d4"

lodash.pick@^4.4.0:
  version "4.4.0"
  resolved "https://registry.yarnpkg.com/lodash.pick/-/lodash.pick-4.4.0.tgz#52f05610fff9ded422611441ed1fc123a03001b3"

lodash.sample@^4.2.1:
  version "4.2.1"
  resolved "https://registry.yarnpkg.com/lodash.sample/-/lodash.sample-4.2.1.tgz#5e4291b0c753fa1abeb0aab8fb29df1b66f07f6d"

lodash.shuffle@^4.2.0:
  version "4.2.0"
  resolved "https://registry.yarnpkg.com/lodash.shuffle/-/lodash.shuffle-4.2.0.tgz#145b5053cf875f6f5c2a33f48b6e9948c6ec7b4b"

lodash.values@^4.3.0:
  version "4.3.0"
  resolved "https://registry.yarnpkg.com/lodash.values/-/lodash.values-4.3.0.tgz#a3a6c2b0ebecc5c2cba1c17e6e620fe81b53d347"

lodash@^3.10.1:
  version "3.10.1"
  resolved "https://registry.yarnpkg.com/lodash/-/lodash-3.10.1.tgz#5bf45e8e49ba4189e17d482789dfd15bd140b7b6"

lodash@^4.11.1, lodash@^4.17.4:
  version "4.17.4"
  resolved "https://registry.yarnpkg.com/lodash/-/lodash-4.17.4.tgz#78203a4d1c328ae1d86dca6460e369b57f4055ae"

lodash@^4.14.0:
  version "4.17.10"
  resolved "https://registry.yarnpkg.com/lodash/-/lodash-4.17.10.tgz#1b7793cf7259ea38fb3661d4d38b3260af8ae4e7"

lru-cache@^4.1.2:
  version "4.1.3"
  resolved "https://registry.yarnpkg.com/lru-cache/-/lru-cache-4.1.3.tgz#a1175cf3496dfc8436c156c334b4955992bce69c"
  dependencies:
    pseudomap "^1.0.2"
    yallist "^2.1.2"

media-typer@0.3.0:
  version "0.3.0"
  resolved "https://registry.yarnpkg.com/media-typer/-/media-typer-0.3.0.tgz#8710d7af0aa626f8fffa1ce00168545263255748"

methods@^1.0.1:
  version "1.1.2"
  resolved "https://registry.yarnpkg.com/methods/-/methods-1.1.2.tgz#5529a4d67654134edcc5266656835b0f851afcee"

mime-db@~1.30.0:
  version "1.30.0"
  resolved "https://registry.yarnpkg.com/mime-db/-/mime-db-1.30.0.tgz#74c643da2dd9d6a45399963465b26d5ca7d71f01"

mime-db@~1.33.0:
  version "1.33.0"
  resolved "https://registry.yarnpkg.com/mime-db/-/mime-db-1.33.0.tgz#a3492050a5cb9b63450541e39d9788d2272783db"

mime-types@^2.0.7, mime-types@~2.1.15, mime-types@~2.1.16:
  version "2.1.17"
  resolved "https://registry.yarnpkg.com/mime-types/-/mime-types-2.1.17.tgz#09d7a393f03e995a79f8af857b70a9e0ab16557a"
  dependencies:
    mime-db "~1.30.0"

mime-types@^2.1.12, mime-types@~2.1.17, mime-types@~2.1.18:
  version "2.1.18"
  resolved "https://registry.yarnpkg.com/mime-types/-/mime-types-2.1.18.tgz#6f323f60a83d11146f831ff11fd66e2fe5503bb8"
  dependencies:
    mime-db "~1.33.0"

minimist@0.0.8:
  version "0.0.8"
  resolved "https://registry.yarnpkg.com/minimist/-/minimist-0.0.8.tgz#857fcabfc3397d2625b8228262e86aa7a011b05d"

minimist@^1.1.0:
  version "1.2.0"
  resolved "https://registry.yarnpkg.com/minimist/-/minimist-1.2.0.tgz#a35008b20f41383eec1fb914f4cd5df79a264284"

mkdirp@~0.5.1:
  version "0.5.1"
  resolved "https://registry.yarnpkg.com/mkdirp/-/mkdirp-0.5.1.tgz#30057438eac6cf7f8c4767f38648d6697d75c903"
  dependencies:
    minimist "0.0.8"

mongodb-core@3.0.7:
  version "3.0.7"
  resolved "https://registry.yarnpkg.com/mongodb-core/-/mongodb-core-3.0.7.tgz#a9941f14883a75768d554cef5fd67756a9cc0f25"
  dependencies:
    bson "~1.0.4"
    require_optional "^1.0.1"

mongodb@3.0.7:
  version "3.0.7"
  resolved "https://registry.yarnpkg.com/mongodb/-/mongodb-3.0.7.tgz#cfcbaee992d78dabca67177f8f9db9cf13ac3a44"
  dependencies:
    mongodb-core "3.0.7"

mongoose-legacy-pluralize@1.0.2:
  version "1.0.2"
  resolved "https://registry.yarnpkg.com/mongoose-legacy-pluralize/-/mongoose-legacy-pluralize-1.0.2.tgz#3ba9f91fa507b5186d399fb40854bff18fb563e4"

mongoose@^5.0.17:
  version "5.0.17"
  resolved "https://registry.yarnpkg.com/mongoose/-/mongoose-5.0.17.tgz#7c70e663b8ac567460902dca636ebb59f36a540a"
  dependencies:
    async "2.1.4"
    bson "~1.0.4"
    kareem "2.0.7"
    lodash.get "4.4.2"
    mongodb "3.0.7"
    mongoose-legacy-pluralize "1.0.2"
    mpath "0.4.1"
    mquery "3.0.0"
    ms "2.0.0"
    regexp-clone "0.0.1"
    sliced "1.0.1"

mpath@0.4.1:
  version "0.4.1"
  resolved "https://registry.yarnpkg.com/mpath/-/mpath-0.4.1.tgz#ed10388430380bf7bbb5be1391e5d6969cb08e89"

mquery@3.0.0:
  version "3.0.0"
  resolved "https://registry.yarnpkg.com/mquery/-/mquery-3.0.0.tgz#e5f387dbabc0b9b69859e550e810faabe0ceabb0"
  dependencies:
    bluebird "3.5.0"
    debug "2.6.9"
    regexp-clone "0.0.1"
    sliced "0.0.5"

ms@2.0.0:
  version "2.0.0"
  resolved "https://registry.yarnpkg.com/ms/-/ms-2.0.0.tgz#5608aeadfc00be6c2901df5f9861788de0d597c8"

ms@^2.0.0:
  version "2.1.1"
  resolved "https://registry.yarnpkg.com/ms/-/ms-2.1.1.tgz#30a5864eb3ebb0a66f2ebe6d727af06a09d86e0a"

mz@^2.6.0, mz@~2.7.0:
  version "2.7.0"
  resolved "https://registry.yarnpkg.com/mz/-/mz-2.7.0.tgz#95008057a56cafadc2bc63dde7f9ff6955948e32"
  dependencies:
    any-promise "^1.0.0"
    object-assign "^4.0.1"
    thenify-all "^1.0.0"

negotiator@0.6.1:
  version "0.6.1"
  resolved "https://registry.yarnpkg.com/negotiator/-/negotiator-0.6.1.tgz#2b327184e8992101177b28563fb5e7102acd0ca9"

netmask@^1.0.6:
  version "1.0.6"
  resolved "https://registry.yarnpkg.com/netmask/-/netmask-1.0.6.tgz#20297e89d86f6f6400f250d9f4f6b4c1945fcd35"

oauth-sign@~0.8.2:
  version "0.8.2"
  resolved "https://registry.yarnpkg.com/oauth-sign/-/oauth-sign-0.8.2.tgz#46a6ab7f0aead8deae9ec0565780b7d4efeb9d43"

object-assign@^4.0.1:
  version "4.1.1"
  resolved "https://registry.yarnpkg.com/object-assign/-/object-assign-4.1.1.tgz#2109adc7965887cfc05cbbd442cac8bfbb360863"

on-finished@^2.1.0:
  version "2.3.0"
  resolved "https://registry.yarnpkg.com/on-finished/-/on-finished-2.3.0.tgz#20f1336481b083cd75337992a16971aa2d906947"
  dependencies:
    ee-first "1.1.1"

only@0.0.2:
  version "0.0.2"
  resolved "https://registry.yarnpkg.com/only/-/only-0.0.2.tgz#2afde84d03e50b9a8edc444e30610a70295edfb4"

optionator@^0.8.1:
  version "0.8.2"
  resolved "https://registry.yarnpkg.com/optionator/-/optionator-0.8.2.tgz#364c5e409d3f4d6301d6c0b4c05bba50180aeb64"
  dependencies:
    deep-is "~0.1.3"
    fast-levenshtein "~2.0.4"
    levn "~0.3.0"
    prelude-ls "~1.1.2"
    type-check "~0.3.2"
    wordwrap "~1.0.0"

os-homedir@1.0.2:
  version "1.0.2"
  resolved "https://registry.yarnpkg.com/os-homedir/-/os-homedir-1.0.2.tgz#ffbc4988336e0e833de0c168c7ef152121aa7fb3"

os-name@~1.0.3:
  version "1.0.3"
  resolved "https://registry.yarnpkg.com/os-name/-/os-name-1.0.3.tgz#1b379f64835af7c5a7f498b357cb95215c159edf"
  dependencies:
    osx-release "^1.0.0"
    win-release "^1.0.0"

osx-release@^1.0.0:
  version "1.1.0"
  resolved "https://registry.yarnpkg.com/osx-release/-/osx-release-1.1.0.tgz#f217911a28136949af1bf9308b241e2737d3cd6c"
  dependencies:
    minimist "^1.1.0"

pac-proxy-agent@^2.0.1:
  version "2.0.2"
  resolved "https://registry.yarnpkg.com/pac-proxy-agent/-/pac-proxy-agent-2.0.2.tgz#90d9f6730ab0f4d2607dcdcd4d3d641aa26c3896"
  dependencies:
    agent-base "^4.2.0"
    debug "^3.1.0"
    get-uri "^2.0.0"
    http-proxy-agent "^2.1.0"
    https-proxy-agent "^2.2.1"
    pac-resolver "^3.0.0"
    raw-body "^2.2.0"
    socks-proxy-agent "^3.0.0"

pac-resolver@^3.0.0:
  version "3.0.0"
  resolved "https://registry.yarnpkg.com/pac-resolver/-/pac-resolver-3.0.0.tgz#6aea30787db0a891704deb7800a722a7615a6f26"
  dependencies:
    co "^4.6.0"
    degenerator "^1.0.4"
    ip "^1.1.5"
    netmask "^1.0.6"
    thunkify "^2.1.2"

parseurl@^1.3.0:
  version "1.3.2"
  resolved "https://registry.yarnpkg.com/parseurl/-/parseurl-1.3.2.tgz#fc289d4ed8993119460c156253262cdc8de65bf3"

path-to-regexp@^1.1.1:
  version "1.7.0"
  resolved "https://registry.yarnpkg.com/path-to-regexp/-/path-to-regexp-1.7.0.tgz#59fde0f435badacba103a84e9d3bc64e96b9937d"
  dependencies:
    isarray "0.0.1"

performance-now@^2.1.0:
  version "2.1.0"
  resolved "https://registry.yarnpkg.com/performance-now/-/performance-now-2.1.0.tgz#6309f4e0e5fa913ec1c69307ae364b4b377c9e7b"

phone@^1.0.5:
  version "1.0.12"
  resolved "https://registry.yarnpkg.com/phone/-/phone-1.0.12.tgz#6e2b95fb0b4e269415d76a2bd358dd4018550457"

prelude-ls@~1.1.2:
  version "1.1.2"
  resolved "https://registry.yarnpkg.com/prelude-ls/-/prelude-ls-1.1.2.tgz#21932a549f5e52ffd9a827f570e04be62a97da54"

process-nextick-args@~2.0.0:
  version "2.0.0"
  resolved "https://registry.yarnpkg.com/process-nextick-args/-/process-nextick-args-2.0.0.tgz#a37d732f4271b4ab1ad070d35508e8290788ffaa"

proxy-agent@^2.1.0:
  version "2.3.1"
  resolved "https://registry.yarnpkg.com/proxy-agent/-/proxy-agent-2.3.1.tgz#3d49d863d46cf5f37ca8394848346ea02373eac6"
  dependencies:
    agent-base "^4.2.0"
    debug "^3.1.0"
    http-proxy-agent "^2.1.0"
    https-proxy-agent "^2.2.1"
    lru-cache "^4.1.2"
    pac-proxy-agent "^2.0.1"
    proxy-from-env "^1.0.0"
    socks-proxy-agent "^3.0.0"

proxy-from-env@^1.0.0:
  version "1.0.0"
  resolved "https://registry.yarnpkg.com/proxy-from-env/-/proxy-from-env-1.0.0.tgz#33c50398f70ea7eb96d21f7b817630a55791c7ee"

pseudomap@^1.0.2:
  version "1.0.2"
  resolved "https://registry.yarnpkg.com/pseudomap/-/pseudomap-1.0.2.tgz#f052a28da70e618917ef0a8ac34c1ae5a68286b3"

punycode@^1.4.1:
  version "1.4.1"
  resolved "https://registry.yarnpkg.com/punycode/-/punycode-1.4.1.tgz#c0d5a63b2718800ad8e1eb0fa5269c84dd41845e"

qs@^6.4.0, qs@~6.5.1:
  version "6.5.2"
  resolved "https://registry.yarnpkg.com/qs/-/qs-6.5.2.tgz#cb3ae806e8740444584ef154ce8ee98d403f3e36"

raw-body@^2.2.0:
  version "2.3.2"
  resolved "https://registry.yarnpkg.com/raw-body/-/raw-body-2.3.2.tgz#bcd60c77d3eb93cde0050295c3f379389bc88f89"
  dependencies:
    bytes "3.0.0"
    http-errors "1.6.2"
    iconv-lite "0.4.19"
    unpipe "1.0.0"

readable-stream@1.1.x:
  version "1.1.14"
  resolved "https://registry.yarnpkg.com/readable-stream/-/readable-stream-1.1.14.tgz#7cf4c54ef648e3813084c636dd2079e166c081d9"
  dependencies:
    core-util-is "~1.0.0"
    inherits "~2.0.1"
    isarray "0.0.1"
    string_decoder "~0.10.x"

readable-stream@2:
  version "2.3.6"
  resolved "https://registry.yarnpkg.com/readable-stream/-/readable-stream-2.3.6.tgz#b11c27d88b8ff1fbe070643cf94b0c79ae1b0aaf"
  dependencies:
    core-util-is "~1.0.0"
    inherits "~2.0.3"
    isarray "~1.0.0"
    process-nextick-args "~2.0.0"
    safe-buffer "~5.1.1"
    string_decoder "~1.1.1"
    util-deprecate "~1.0.1"

redis-commands@^1.2.0:
  version "1.3.5"
  resolved "https://registry.yarnpkg.com/redis-commands/-/redis-commands-1.3.5.tgz#4495889414f1e886261180b1442e7295602d83a2"

redis-parser@^2.4.0:
  version "2.6.0"
  resolved "https://registry.yarnpkg.com/redis-parser/-/redis-parser-2.6.0.tgz#52ed09dacac108f1a631c07e9b69941e7a19504b"

regexp-clone@0.0.1:
  version "0.0.1"
  resolved "https://registry.yarnpkg.com/regexp-clone/-/regexp-clone-0.0.1.tgz#a7c2e09891fdbf38fbb10d376fb73003e68ac589"

request@^2.54.0:
  version "2.85.0"
  resolved "https://registry.yarnpkg.com/request/-/request-2.85.0.tgz#5a03615a47c61420b3eb99b7dba204f83603e1fa"
  dependencies:
    aws-sign2 "~0.7.0"
    aws4 "^1.6.0"
    caseless "~0.12.0"
    combined-stream "~1.0.5"
    extend "~3.0.1"
    forever-agent "~0.6.1"
    form-data "~2.3.1"
    har-validator "~5.0.3"
    hawk "~6.0.2"
    http-signature "~1.2.0"
    is-typedarray "~1.0.0"
    isstream "~0.1.2"
    json-stringify-safe "~5.0.1"
    mime-types "~2.1.17"
    oauth-sign "~0.8.2"
    performance-now "^2.1.0"
    qs "~6.5.1"
    safe-buffer "^5.1.1"
    stringstream "~0.0.5"
    tough-cookie "~2.3.3"
    tunnel-agent "^0.6.0"
    uuid "^3.1.0"

require_optional@^1.0.1:
  version "1.0.1"
  resolved "https://registry.yarnpkg.com/require_optional/-/require_optional-1.0.1.tgz#4cf35a4247f64ca3df8c2ef208cc494b1ca8fc2e"
  dependencies:
    resolve-from "^2.0.0"
    semver "^5.1.0"

resolve-from@^2.0.0:
  version "2.0.0"
  resolved "https://registry.yarnpkg.com/resolve-from/-/resolve-from-2.0.0.tgz#9480ab20e94ffa1d9e80a804c7ea147611966b57"

respjs@^4.1.2:
  version "4.1.4"
  resolved "https://registry.yarnpkg.com/respjs/-/respjs-4.1.4.tgz#e8f79b8ec1836fe30a525162e220b415d6019873"

safe-buffer@^5.0.1, safe-buffer@^5.1.1, safe-buffer@~5.1.0, safe-buffer@~5.1.1:
  version "5.1.2"
  resolved "https://registry.yarnpkg.com/safe-buffer/-/safe-buffer-5.1.2.tgz#991ec69d296e0313747d59bdfd2b745c35f8828d"

"safer-buffer@>= 2.1.2 < 3":
  version "2.1.2"
  resolved "https://registry.yarnpkg.com/safer-buffer/-/safer-buffer-2.1.2.tgz#44fa161b0187b9549dd84bb91802f9bd8385cd6a"

sax@>=0.6.0:
  version "1.2.4"
  resolved "https://registry.yarnpkg.com/sax/-/sax-1.2.4.tgz#2816234e2378bddc4e5354fab5caa895df7100d9"

semver@^5.0.1, semver@^5.1.0:
  version "5.5.0"
  resolved "https://registry.yarnpkg.com/semver/-/semver-5.5.0.tgz#dc4bbc7a6ca9d916dee5d43516f0092b58f7b8ab"

setprototypeof@1.0.3:
  version "1.0.3"
  resolved "https://registry.yarnpkg.com/setprototypeof/-/setprototypeof-1.0.3.tgz#66567e37043eeb4f04d91bd658c0cbefb55b8e04"

sliced@0.0.5:
  version "0.0.5"
  resolved "https://registry.yarnpkg.com/sliced/-/sliced-0.0.5.tgz#5edc044ca4eb6f7816d50ba2fc63e25d8fe4707f"

sliced@1.0.1:
  version "1.0.1"
  resolved "https://registry.yarnpkg.com/sliced/-/sliced-1.0.1.tgz#0b3a662b5d04c3177b1926bea82b03f837a2ef41"

smart-buffer@^1.0.13:
  version "1.1.15"
  resolved "https://registry.yarnpkg.com/smart-buffer/-/smart-buffer-1.1.15.tgz#7f114b5b65fab3e2a35aa775bb12f0d1c649bf16"

sntp@2.x.x:
  version "2.1.0"
  resolved "https://registry.yarnpkg.com/sntp/-/sntp-2.1.0.tgz#2c6cec14fedc2222739caf9b5c3d85d1cc5a2cc8"
  dependencies:
    hoek "4.x.x"

socks-proxy-agent@^3.0.0:
  version "3.0.1"
  resolved "https://registry.yarnpkg.com/socks-proxy-agent/-/socks-proxy-agent-3.0.1.tgz#2eae7cf8e2a82d34565761539a7f9718c5617659"
  dependencies:
    agent-base "^4.1.0"
    socks "^1.1.10"

socks@^1.1.10:
  version "1.1.10"
  resolved "https://registry.yarnpkg.com/socks/-/socks-1.1.10.tgz#5b8b7fc7c8f341c53ed056e929b7bf4de8ba7b5a"
  dependencies:
    ip "^1.1.4"
    smart-buffer "^1.0.13"

source-map@~0.6.1:
  version "0.6.1"
  resolved "https://registry.yarnpkg.com/source-map/-/source-map-0.6.1.tgz#74722af32e9614e9c287a8d0bbde48b5e2f1a263"

sshpk@^1.7.0:
  version "1.14.1"
  resolved "https://registry.yarnpkg.com/sshpk/-/sshpk-1.14.1.tgz#130f5975eddad963f1d56f92b9ac6c51fa9f83eb"
  dependencies:
    asn1 "~0.2.3"
    assert-plus "^1.0.0"
    dashdash "^1.12.0"
    getpass "^0.1.1"
  optionalDependencies:
    bcrypt-pbkdf "^1.0.0"
    ecc-jsbn "~0.1.1"
    jsbn "~0.1.0"
    tweetnacl "~0.14.0"

"statuses@>= 1.3.1 < 2", statuses@^1.2.0:
  version "1.4.0"
  resolved "https://registry.yarnpkg.com/statuses/-/statuses-1.4.0.tgz#bb73d446da2796106efcc1b601a253d6c46bd087"

statuses@^1.3.1:
  version "1.5.0"
  resolved "https://registry.yarnpkg.com/statuses/-/statuses-1.5.0.tgz#161c7dac177659fd9811f43771fa99381478628c"

string_decoder@~0.10.x:
  version "0.10.31"
  resolved "https://registry.yarnpkg.com/string_decoder/-/string_decoder-0.10.31.tgz#62e203bc41766c6c28c9fc84301dab1c5310fa94"

string_decoder@~1.1.1:
  version "1.1.1"
  resolved "https://registry.yarnpkg.com/string_decoder/-/string_decoder-1.1.1.tgz#9cf1611ba62685d7030ae9e4ba34149c3af03fc8"
  dependencies:
    safe-buffer "~5.1.0"

stringstream@~0.0.5:
  version "0.0.5"
  resolved "https://registry.yarnpkg.com/stringstream/-/stringstream-0.0.5.tgz#4e484cd4de5a0bbbee18e46307710a8a81621878"

thenify-all@^1.0.0:
  version "1.6.0"
  resolved "https://registry.yarnpkg.com/thenify-all/-/thenify-all-1.6.0.tgz#1a1918d402d8fc3f98fbf234db0bcc8cc10e9726"
  dependencies:
    thenify ">= 3.1.0 < 4"

"thenify@>= 3.1.0 < 4":
  version "3.3.0"
  resolved "https://registry.yarnpkg.com/thenify/-/thenify-3.3.0.tgz#e69e38a1babe969b0108207978b9f62b88604839"
  dependencies:
    any-promise "^1.0.0"

thunk-redis@^2.1.6:
  version "2.1.6"
  resolved "https://registry.yarnpkg.com/thunk-redis/-/thunk-redis-2.1.6.tgz#b2d96fe66b59b3b55c680cdc15dfcecbaac0b51a"
  dependencies:
    respjs "^4.1.2"
    thunks "^4.9.0"

thunkify@^2.1.2:
  version "2.1.2"
  resolved "https://registry.yarnpkg.com/thunkify/-/thunkify-2.1.2.tgz#faa0e9d230c51acc95ca13a361ac05ca7e04553d"

thunks@^4.9.0:
  version "4.9.2"
  resolved "https://registry.yarnpkg.com/thunks/-/thunks-4.9.2.tgz#aac2d353812512160a4611e3008d7a96e3756f8e"

tough-cookie@~2.3.3:
  version "2.3.4"
  resolved "https://registry.yarnpkg.com/tough-cookie/-/tough-cookie-2.3.4.tgz#ec60cee38ac675063ffc97a5c18970578ee83655"
  dependencies:
    punycode "^1.4.1"

tunnel-agent@^0.6.0:
  version "0.6.0"
  resolved "https://registry.yarnpkg.com/tunnel-agent/-/tunnel-agent-0.6.0.tgz#27a5dea06b36b04a0a9966774b290868f0fc40fd"
  dependencies:
    safe-buffer "^5.0.1"

tweetnacl@^0.14.3, tweetnacl@~0.14.0:
  version "0.14.5"
  resolved "https://registry.yarnpkg.com/tweetnacl/-/tweetnacl-0.14.5.tgz#5ae68177f192d4456269d108afa93ff8743f4f64"

type-check@~0.3.2:
  version "0.3.2"
  resolved "https://registry.yarnpkg.com/type-check/-/type-check-0.3.2.tgz#5884cab512cf1d355e3fb784f30804b2b520db72"
  dependencies:
    prelude-ls "~1.1.2"

type-is@^1.5.5:
  version "1.6.15"
  resolved "https://registry.yarnpkg.com/type-is/-/type-is-1.6.15.tgz#cab10fb4909e441c82842eafe1ad646c81804410"
  dependencies:
    media-typer "0.3.0"
    mime-types "~2.1.15"

type-is@^1.6.14:
  version "1.6.16"
  resolved "https://registry.yarnpkg.com/type-is/-/type-is-1.6.16.tgz#f89ce341541c672b25ee7ae3c73dee3b2be50194"
  dependencies:
    media-typer "0.3.0"
    mime-types "~2.1.18"

unpipe@1.0.0:
  version "1.0.0"
  resolved "https://registry.yarnpkg.com/unpipe/-/unpipe-1.0.0.tgz#b2bf4ee8514aae6165b4817829d21b2ef49904ec"

urijs@^1.19.0:
  version "1.19.0"
  resolved "https://registry.yarnpkg.com/urijs/-/urijs-1.19.0.tgz#d8aa284d0e7469703a6988ad045c4cbfdf08ada0"

urllib@^2.27.0:
  version "2.27.0"
  resolved "https://registry.yarnpkg.com/urllib/-/urllib-2.27.0.tgz#a07b6ac23d3277f0d2985122d36452187c132847"
  dependencies:
    any-promise "^1.3.0"
    content-type "^1.0.2"
    debug "^2.6.0"
    default-user-agent "^1.0.0"
    digest-header "^0.0.1"
    ee-first "~1.1.1"
    humanize-ms "^1.2.0"
    iconv-lite "^0.4.15"
    ip "^1.1.5"
    proxy-agent "^2.1.0"
    qs "^6.4.0"
    statuses "^1.3.1"
    utility "^1.12.0"

util-deprecate@~1.0.1:
  version "1.0.2"
  resolved "https://registry.yarnpkg.com/util-deprecate/-/util-deprecate-1.0.2.tgz#450d4dc9fa70de732762fbd2d4a28981419a0ccf"

utility@0.1.11:
  version "0.1.11"
  resolved "https://registry.yarnpkg.com/utility/-/utility-0.1.11.tgz#fde60cf9b4e4751947a0cf5d104ce29367226715"
  dependencies:
    address ">=0.0.1"

utility@^1.12.0:
  version "1.13.1"
  resolved "https://registry.yarnpkg.com/utility/-/utility-1.13.1.tgz#9d72e145e49e4c5a21f2c307b0baf575235023f4"
  dependencies:
    copy-to "~2.0.1"
    escape-html "~1.0.3"
    mkdirp "~0.5.1"
    mz "~2.7.0"

uuid@^3.1.0:
  version "3.2.1"
  resolved "https://registry.yarnpkg.com/uuid/-/uuid-3.2.1.tgz#12c528bb9d58d0b9265d9a2f6f0fe8be17ff1f14"

validator@^5.2.0:
  version "5.7.0"
  resolved "https://registry.yarnpkg.com/validator/-/validator-5.7.0.tgz#7a87a58146b695ac486071141c0c49d67da05e5c"

vary@^1.0.0:
  version "1.1.2"
  resolved "https://registry.yarnpkg.com/vary/-/vary-1.1.2.tgz#2299f02c6ded30d4a5961b0b9f74524a18f634fc"

verror@1.10.0:
  version "1.10.0"
  resolved "https://registry.yarnpkg.com/verror/-/verror-1.10.0.tgz#3a105ca17053af55d6e270c1f8288682e18da400"
  dependencies:
    assert-plus "^1.0.0"
    core-util-is "1.0.2"
    extsprintf "^1.2.0"

vfw-tb@^1.0.6:
  version "1.0.6"
  resolved "https://registry.yarnpkg.com/vfw-tb/-/vfw-tb-1.0.6.tgz#dd15c437c83e1be196f9455e939412efa91e3374"
  dependencies:
    lodash "^4.11.1"
    phone "^1.0.5"
    validator "^5.2.0"

vfw@^1.3.31:
  version "1.3.31"
  resolved "https://registry.yarnpkg.com/vfw/-/vfw-1.3.31.tgz#bc44a36877cd17301950ab21ffe214f1cfa04369"
  dependencies:
    debug "^2.2.0"
    lodash "^3.10.1"

weixin-pay@^1.1.7:
  version "1.1.7"
  resolved "https://registry.yarnpkg.com/weixin-pay/-/weixin-pay-1.1.7.tgz#ce9b9d331bba8952f5ef961ecdc913705aeb2652"
  dependencies:
    MD5 "^1.2.1"
    request "^2.54.0"
    xml2js "^0.4.6"

win-release@^1.0.0:
  version "1.1.1"
  resolved "https://registry.yarnpkg.com/win-release/-/win-release-1.1.1.tgz#5fa55e02be7ca934edfc12665632e849b72e5209"
  dependencies:
    semver "^5.0.1"

wordwrap@~1.0.0:
  version "1.0.0"
  resolved "https://registry.yarnpkg.com/wordwrap/-/wordwrap-1.0.0.tgz#27584810891456a4171c8d0226441ade90cbcaeb"

xml2js@^0.4.6:
  version "0.4.19"
  resolved "https://registry.yarnpkg.com/xml2js/-/xml2js-0.4.19.tgz#686c20f213209e94abf0d1bcf1efaa291c7827a7"
  dependencies:
    sax ">=0.6.0"
    xmlbuilder "~9.0.1"

xmlbuilder@~9.0.1:
  version "9.0.7"
  resolved "https://registry.yarnpkg.com/xmlbuilder/-/xmlbuilder-9.0.7.tgz#132ee63d2ec5565c557e20f4c22df9aca686b10d"

xregexp@2.0.0:
  version "2.0.0"
  resolved "https://registry.yarnpkg.com/xregexp/-/xregexp-2.0.0.tgz#52a63e56ca0b84a7f3a5f3d61872f126ad7a5943"

yallist@^2.1.2:
  version "2.1.2"
  resolved "https://registry.yarnpkg.com/yallist/-/yallist-2.1.2.tgz#1c11f9218f076089a47dd512f93c6699a6a81d52"
